
Microsoft Visual Studio Solution File, Format Version 12.00
# Visual Studio Version 17
VisualStudioVersion = 17.3.32929.385
MinimumVisualStudioVersion = 10.0.40219.1
Project("{8BC9CEB8-8B4A-11D0-8D11-00A0C91BC942}") = "test", "test\test.vcxproj", "{EAAD9E0F-149A-48C8-9F65-F5E70B309E3C}"
EndProject
Project("{8BC9CEB8-8B4A-11D0-8D11-00A0C91BC942}") = "insertion sort", "insertion sort\insertion sort.vcxproj", "{219C417E-C05E-46B8-8554-EB072D3FC222}"
EndProject
Project("{8BC9CEB8-8B4A-11D0-8D11-00A0C91BC942}") = "selection sort", "selection sort\selection sort.vcxproj", "{20077696-24FA-4440-8D0F-14296EB1AC7C}"
EndProject
Project("{8BC9CEB8-8B4A-11D0-8D11-00A0C91BC942}") = "Lab_bubble", "Lab_bubble\Lab_bubble.vcxproj", "{CCE1BE31-C174-41BC-8E43-FCB220A2644B}"
EndProject
Project("{8BC9CEB8-8B4A-11D0-8D11-00A0C91BC942}") = "HW_selection", "HW_selection\HW_selection.vcxproj", "{2E3DD8D6-2AF3-44C8-B270-46A2A0F96D1F}"
EndProject
Project("{8BC9CEB8-8B4A-11D0-8D11-00A0C91BC942}") = "Project1", "Project1\Project1.vcxproj", "{44A7F684-62BF-43E6-A5B9-0BFA49F5863D}"
EndProject
Project("{8BC9CEB8-8B4A-11D0-8D11-00A0C91BC942}") = "Project2", "Project2\Project2.vcxproj", "{516C435F-DBFA-4507-A042-7F2FDFB1C0AE}"
EndProject
Project("{8BC9CEB8-8B4A-11D0-8D11-00A0C91BC942}") = "Project3", "Project3\Project3.vcxproj", "{023D94C4-F1CD-485A-A7C2-C4D92DD5E8C9}"
EndProject
Project("{8BC9CEB8-8B4A-11D0-8D11-00A0C91BC942}") = "Project4", "Project4\Project4.vcxproj", "{D8E36A20-95DB-48C7-8BD7-2A0D9D8C5AF9}"
EndProject
Project("{8BC9CEB8-8B4A-11D0-8D11-00A0C91BC942}") = "임시", "임시\임시.vcxproj", "{01B6DC72-3BB5-4B86-8F3A-885502389C41}"
EndProject
Project("{8BC9CEB8-8B4A-11D0-8D11-00A0C91BC942}") = "Project5", "Project5\Project5.vcxproj", "{2A7519E0-1B03-4BC9-BBB3-9490B63A31B8}"
EndProject
Project("{8BC9CEB8-8B4A-11D0-8D11-00A0C91BC942}") = "19midre", "19midre\19midre.vcxproj", "{6E5D5F6B-9875-46ED-9652-0E26865DD77F}"
EndProject
Project("{8BC9CEB8-8B4A-11D0-8D11-00A0C91BC942}") = "19mid3re", "19mid3re\19mid3re.vcxproj", "{80ABB7CA-983F-4229-8F7C-5B3E278D7FA4}"
EndProject
Project("{8BC9CEB8-8B4A-11D0-8D11-00A0C91BC942}") = "plus", "plus\plus.vcxproj", "{87BC221F-1088-4889-AE05-E40C87DD2AD0}"
EndProject
Project("{8BC9CEB8-8B4A-11D0-8D11-00A0C91BC942}") = "HW(selection)", "HW(selection)\HW(selection).vcxproj", "{309DEF6B-A3C0-4B48-9F08-0BFD0610C567}"
EndProject
Project("{8BC9CEB8-8B4A-11D0-8D11-00A0C91BC942}") = "HW(bubble)", "HW(bubble)\HW(bubble).vcxproj", "{8AC2BA70-B39D-420C-80C7-6A9AD29AC5F5}"
EndProject
Project("{8BC9CEB8-8B4A-11D0-8D11-00A0C91BC942}") = "HW(bubble2)", "HW(bubble2)\HW(bubble2).vcxproj", "{A3E94504-EAB7-4A9D-B6B6-6B0DC3322986}"
EndProject
Global
	GlobalSection(SolutionConfigurationPlatforms) = preSolution
		Debug|x64 = Debug|x64
		Debug|x86 = Debug|x86
		Release|x64 = Release|x64
		Release|x86 = Release|x86
	EndGlobalSection
	GlobalSection(ProjectConfigurationPlatforms) = postSolution
		{EAAD9E0F-149A-48C8-9F65-F5E70B309E3C}.Debug|x64.ActiveCfg = Debug|x64
		{EAAD9E0F-149A-48C8-9F65-F5E70B309E3C}.Debug|x64.Build.0 = Debug|x64
		{EAAD9E0F-149A-48C8-9F65-F5E70B309E3C}.Debug|x86.ActiveCfg = Debug|Win32
		{EAAD9E0F-149A-48C8-9F65-F5E70B309E3C}.Debug|x86.Build.0 = Debug|Win32
		{EAAD9E0F-149A-48C8-9F65-F5E70B309E3C}.Release|x64.ActiveCfg = Release|x64
		{EAAD9E0F-149A-48C8-9F65-F5E70B309E3C}.Release|x64.Build.0 = Release|x64
		{EAAD9E0F-149A-48C8-9F65-F5E70B309E3C}.Release|x86.ActiveCfg = Release|Win32
		{EAAD9E0F-149A-48C8-9F65-F5E70B309E3C}.Release|x86.Build.0 = Release|Win32
		{219C417E-C05E-46B8-8554-EB072D3FC222}.Debug|x64.ActiveCfg = Debug|x64
		{219C417E-C05E-46B8-8554-EB072D3FC222}.Debug|x64.Build.0 = Debug|x64
		{219C417E-C05E-46B8-8554-EB072D3FC222}.Debug|x86.ActiveCfg = Debug|Win32
		{219C417E-C05E-46B8-8554-EB072D3FC222}.Debug|x86.Build.0 = Debug|Win32
		{219C417E-C05E-46B8-8554-EB072D3FC222}.Release|x64.ActiveCfg = Release|x64
		{219C417E-C05E-46B8-8554-EB072D3FC222}.Release|x64.Build.0 = Release|x64
		{219C417E-C05E-46B8-8554-EB072D3FC222}.Release|x86.ActiveCfg = Release|Win32
		{219C417E-C05E-46B8-8554-EB072D3FC222}.Release|x86.Build.0 = Release|Win32
		{20077696-24FA-4440-8D0F-14296EB1AC7C}.Debug|x64.ActiveCfg = Debug|x64
		{20077696-24FA-4440-8D0F-14296EB1AC7C}.Debug|x64.Build.0 = Debug|x64
		{20077696-24FA-4440-8D0F-14296EB1AC7C}.Debug|x86.ActiveCfg = Debug|Win32
		{20077696-24FA-4440-8D0F-14296EB1AC7C}.Debug|x86.Build.0 = Debug|Win32
		{20077696-24FA-4440-8D0F-14296EB1AC7C}.Release|x64.ActiveCfg = Release|x64
		{20077696-24FA-4440-8D0F-14296EB1AC7C}.Release|x64.Build.0 = Release|x64
		{20077696-24FA-4440-8D0F-14296EB1AC7C}.Release|x86.ActiveCfg = Release|Win32
		{20077696-24FA-4440-8D0F-14296EB1AC7C}.Release|x86.Build.0 = Release|Win32
		{CCE1BE31-C174-41BC-8E43-FCB220A2644B}.Debug|x64.ActiveCfg = Debug|x64
		{CCE1BE31-C174-41BC-8E43-FCB220A2644B}.Debug|x64.Build.0 = Debug|x64
		{CCE1BE31-C174-41BC-8E43-FCB220A2644B}.Debug|x86.ActiveCfg = Debug|Win32
		{CCE1BE31-C174-41BC-8E43-FCB220A2644B}.Debug|x86.Build.0 = Debug|Win32
		{CCE1BE31-C174-41BC-8E43-FCB220A2644B}.Release|x64.ActiveCfg = Release|x64
		{CCE1BE31-C174-41BC-8E43-FCB220A2644B}.Release|x64.Build.0 = Release|x64
		{CCE1BE31-C174-41BC-8E43-FCB220A2644B}.Release|x86.ActiveCfg = Release|Win32
		{CCE1BE31-C174-41BC-8E43-FCB220A2644B}.Release|x86.Build.0 = Release|Win32
		{2E3DD8D6-2AF3-44C8-B270-46A2A0F96D1F}.Debug|x64.ActiveCfg = Debug|x64
		{2E3DD8D6-2AF3-44C8-B270-46A2A0F96D1F}.Debug|x64.Build.0 = Debug|x64
		{2E3DD8D6-2AF3-44C8-B270-46A2A0F96D1F}.Debug|x86.ActiveCfg = Debug|Win32
		{2E3DD8D6-2AF3-44C8-B270-46A2A0F96D1F}.Debug|x86.Build.0 = Debug|Win32
		{2E3DD8D6-2AF3-44C8-B270-46A2A0F96D1F}.Release|x64.ActiveCfg = Release|x64
		{2E3DD8D6-2AF3-44C8-B270-46A2A0F96D1F}.Release|x64.Build.0 = Release|x64
		{2E3DD8D6-2AF3-44C8-B270-46A2A0F96D1F}.Release|x86.ActiveCfg = Release|Win32
		{2E3DD8D6-2AF3-44C8-B270-46A2A0F96D1F}.Release|x86.Build.0 = Release|Win32
		{44A7F684-62BF-43E6-A5B9-0BFA49F5863D}.Debug|x64.ActiveCfg = Debug|x64
		{44A7F684-62BF-43E6-A5B9-0BFA49F5863D}.Debug|x64.Build.0 = Debug|x64
		{44A7F684-62BF-43E6-A5B9-0BFA49F5863D}.Debug|x86.ActiveCfg = Debug|Win32
		{44A7F684-62BF-43E6-A5B9-0BFA49F5863D}.Debug|x86.Build.0 = Debug|Win32
		{44A7F684-62BF-43E6-A5B9-0BFA49F5863D}.Release|x64.ActiveCfg = Release|x64
		{44A7F684-62BF-43E6-A5B9-0BFA49F5863D}.Release|x64.Build.0 = Release|x64
		{44A7F684-62BF-43E6-A5B9-0BFA49F5863D}.Release|x86.ActiveCfg = Release|Win32
		{44A7F684-62BF-43E6-A5B9-0BFA49F5863D}.Release|x86.Build.0 = Release|Win32
		{516C435F-DBFA-4507-A042-7F2FDFB1C0AE}.Debug|x64.ActiveCfg = Debug|x64
		{516C435F-DBFA-4507-A042-7F2FDFB1C0AE}.Debug|x64.Build.0 = Debug|x64
		{516C435F-DBFA-4507-A042-7F2FDFB1C0AE}.Debug|x86.ActiveCfg = Debug|Win32
		{516C435F-DBFA-4507-A042-7F2FDFB1C0AE}.Debug|x86.Build.0 = Debug|Win32
		{516C435F-DBFA-4507-A042-7F2FDFB1C0AE}.Release|x64.ActiveCfg = Release|x64
		{516C435F-DBFA-4507-A042-7F2FDFB1C0AE}.Release|x64.Build.0 = Release|x64
		{516C435F-DBFA-4507-A042-7F2FDFB1C0AE}.Release|x86.ActiveCfg = Release|Win32
		{516C435F-DBFA-4507-A042-7F2FDFB1C0AE}.Release|x86.Build.0 = Release|Win32
		{023D94C4-F1CD-485A-A7C2-C4D92DD5E8C9}.Debug|x64.ActiveCfg = Debug|x64
		{023D94C4-F1CD-485A-A7C2-C4D92DD5E8C9}.Debug|x64.Build.0 = Debug|x64
		{023D94C4-F1CD-485A-A7C2-C4D92DD5E8C9}.Debug|x86.ActiveCfg = Debug|Win32
		{023D94C4-F1CD-485A-A7C2-C4D92DD5E8C9}.Debug|x86.Build.0 = Debug|Win32
		{023D94C4-F1CD-485A-A7C2-C4D92DD5E8C9}.Release|x64.ActiveCfg = Release|x64
		{023D94C4-F1CD-485A-A7C2-C4D92DD5E8C9}.Release|x64.Build.0 = Release|x64
		{023D94C4-F1CD-485A-A7C2-C4D92DD5E8C9}.Release|x86.ActiveCfg = Release|Win32
		{023D94C4-F1CD-485A-A7C2-C4D92DD5E8C9}.Release|x86.Build.0 = Release|Win32
		{D8E36A20-95DB-48C7-8BD7-2A0D9D8C5AF9}.Debug|x64.ActiveCfg = Debug|x64
		{D8E36A20-95DB-48C7-8BD7-2A0D9D8C5AF9}.Debug|x64.Build.0 = Debug|x64
		{D8E36A20-95DB-48C7-8BD7-2A0D9D8C5AF9}.Debug|x86.ActiveCfg = Debug|Win32
		{D8E36A20-95DB-48C7-8BD7-2A0D9D8C5AF9}.Debug|x86.Build.0 = Debug|Win32
		{D8E36A20-95DB-48C7-8BD7-2A0D9D8C5AF9}.Release|x64.ActiveCfg = Release|x64
		{D8E36A20-95DB-48C7-8BD7-2A0D9D8C5AF9}.Release|x64.Build.0 = Release|x64
		{D8E36A20-95DB-48C7-8BD7-2A0D9D8C5AF9}.Release|x86.ActiveCfg = Release|Win32
		{D8E36A20-95DB-48C7-8BD7-2A0D9D8C5AF9}.Release|x86.Build.0 = Release|Win32
		{01B6DC72-3BB5-4B86-8F3A-885502389C41}.Debug|x64.ActiveCfg = Debug|x64
		{01B6DC72-3BB5-4B86-8F3A-885502389C41}.Debug|x64.Build.0 = Debug|x64
		{01B6DC72-3BB5-4B86-8F3A-885502389C41}.Debug|x86.ActiveCfg = Debug|Win32
		{01B6DC72-3BB5-4B86-8F3A-885502389C41}.Debug|x86.Build.0 = Debug|Win32
		{01B6DC72-3BB5-4B86-8F3A-885502389C41}.Release|x64.ActiveCfg = Release|x64
		{01B6DC72-3BB5-4B86-8F3A-885502389C41}.Release|x64.Build.0 = Release|x64
		{01B6DC72-3BB5-4B86-8F3A-885502389C41}.Release|x86.ActiveCfg = Release|Win32
		{01B6DC72-3BB5-4B86-8F3A-885502389C41}.Release|x86.Build.0 = Release|Win32
		{2A7519E0-1B03-4BC9-BBB3-9490B63A31B8}.Debug|x64.ActiveCfg = Debug|x64
		{2A7519E0-1B03-4BC9-BBB3-9490B63A31B8}.Debug|x64.Build.0 = Debug|x64
		{2A7519E0-1B03-4BC9-BBB3-9490B63A31B8}.Debug|x86.ActiveCfg = Debug|Win32
		{2A7519E0-1B03-4BC9-BBB3-9490B63A31B8}.Debug|x86.Build.0 = Debug|Win32
		{2A7519E0-1B03-4BC9-BBB3-9490B63A31B8}.Release|x64.ActiveCfg = Release|x64
		{2A7519E0-1B03-4BC9-BBB3-9490B63A31B8}.Release|x64.Build.0 = Release|x64
		{2A7519E0-1B03-4BC9-BBB3-9490B63A31B8}.Release|x86.ActiveCfg = Release|Win32
		{2A7519E0-1B03-4BC9-BBB3-9490B63A31B8}.Release|x86.Build.0 = Release|Win32
		{6E5D5F6B-9875-46ED-9652-0E26865DD77F}.Debug|x64.ActiveCfg = Debug|x64
		{6E5D5F6B-9875-46ED-9652-0E26865DD77F}.Debug|x64.Build.0 = Debug|x64
		{6E5D5F6B-9875-46ED-9652-0E26865DD77F}.Debug|x86.ActiveCfg = Debug|Win32
		{6E5D5F6B-9875-46ED-9652-0E26865DD77F}.Debug|x86.Build.0 = Debug|Win32
		{6E5D5F6B-9875-46ED-9652-0E26865DD77F}.Release|x64.ActiveCfg = Release|x64
		{6E5D5F6B-9875-46ED-9652-0E26865DD77F}.Release|x64.Build.0 = Release|x64
		{6E5D5F6B-9875-46ED-9652-0E26865DD77F}.Release|x86.ActiveCfg = Release|Win32
		{6E5D5F6B-9875-46ED-9652-0E26865DD77F}.Release|x86.Build.0 = Release|Win32
		{80ABB7CA-983F-4229-8F7C-5B3E278D7FA4}.Debug|x64.ActiveCfg = Debug|x64
		{80ABB7CA-983F-4229-8F7C-5B3E278D7FA4}.Debug|x64.Build.0 = Debug|x64
		{80ABB7CA-983F-4229-8F7C-5B3E278D7FA4}.Debug|x86.ActiveCfg = Debug|Win32
		{80ABB7CA-983F-4229-8F7C-5B3E278D7FA4}.Debug|x86.Build.0 = Debug|Win32
		{80ABB7CA-983F-4229-8F7C-5B3E278D7FA4}.Release|x64.ActiveCfg = Release|x64
		{80ABB7CA-983F-4229-8F7C-5B3E278D7FA4}.Release|x64.Build.0 = Release|x64
		{80ABB7CA-983F-4229-8F7C-5B3E278D7FA4}.Release|x86.ActiveCfg = Release|Win32
		{80ABB7CA-983F-4229-8F7C-5B3E278D7FA4}.Release|x86.Build.0 = Release|Win32
		{87BC221F-1088-4889-AE05-E40C87DD2AD0}.Debug|x64.ActiveCfg = Debug|x64
		{87BC221F-1088-4889-AE05-E40C87DD2AD0}.Debug|x64.Build.0 = Debug|x64
		{87BC221F-1088-4889-AE05-E40C87DD2AD0}.Debug|x86.ActiveCfg = Debug|Win32
		{87BC221F-1088-4889-AE05-E40C87DD2AD0}.Debug|x86.Build.0 = Debug|Win32
		{87BC221F-1088-4889-AE05-E40C87DD2AD0}.Release|x64.ActiveCfg = Release|x64
		{87BC221F-1088-4889-AE05-E40C87DD2AD0}.Release|x64.Build.0 = Release|x64
		{87BC221F-1088-4889-AE05-E40C87DD2AD0}.Release|x86.ActiveCfg = Release|Win32
		{87BC221F-1088-4889-AE05-E40C87DD2AD0}.Release|x86.Build.0 = Release|Win32
		{309DEF6B-A3C0-4B48-9F08-0BFD0610C567}.Debug|x64.ActiveCfg = Debug|x64
		{309DEF6B-A3C0-4B48-9F08-0BFD0610C567}.Debug|x64.Build.0 = Debug|x64
		{309DEF6B-A3C0-4B48-9F08-0BFD0610C567}.Debug|x86.ActiveCfg = Debug|Win32
		{309DEF6B-A3C0-4B48-9F08-0BFD0610C567}.Debug|x86.Build.0 = Debug|Win32
		{309DEF6B-A3C0-4B48-9F08-0BFD0610C567}.Release|x64.ActiveCfg = Release|x64
		{309DEF6B-A3C0-4B48-9F08-0BFD0610C567}.Release|x64.Build.0 = Release|x64
		{309DEF6B-A3C0-4B48-9F08-0BFD0610C567}.Release|x86.ActiveCfg = Release|Win32
		{309DEF6B-A3C0-4B48-9F08-0BFD0610C567}.Release|x86.Build.0 = Release|Win32
		{8AC2BA70-B39D-420C-80C7-6A9AD29AC5F5}.Debug|x64.ActiveCfg = Debug|x64
		{8AC2BA70-B39D-420C-80C7-6A9AD29AC5F5}.Debug|x64.Build.0 = Debug|x64
		{8AC2BA70-B39D-420C-80C7-6A9AD29AC5F5}.Debug|x86.ActiveCfg = Debug|Win32
		{8AC2BA70-B39D-420C-80C7-6A9AD29AC5F5}.Debug|x86.Build.0 = Debug|Win32
		{8AC2BA70-B39D-420C-80C7-6A9AD29AC5F5}.Release|x64.ActiveCfg = Release|x64
		{8AC2BA70-B39D-420C-80C7-6A9AD29AC5F5}.Release|x64.Build.0 = Release|x64
		{8AC2BA70-B39D-420C-80C7-6A9AD29AC5F5}.Release|x86.ActiveCfg = Release|Win32
		{8AC2BA70-B39D-420C-80C7-6A9AD29AC5F5}.Release|x86.Build.0 = Release|Win32
		{A3E94504-EAB7-4A9D-B6B6-6B0DC3322986}.Debug|x64.ActiveCfg = Debug|x64
		{A3E94504-EAB7-4A9D-B6B6-6B0DC3322986}.Debug|x64.Build.0 = Debug|x64
		{A3E94504-EAB7-4A9D-B6B6-6B0DC3322986}.Debug|x86.ActiveCfg = Debug|Win32
		{A3E94504-EAB7-4A9D-B6B6-6B0DC3322986}.Debug|x86.Build.0 = Debug|Win32
		{A3E94504-EAB7-4A9D-B6B6-6B0DC3322986}.Release|x64.ActiveCfg = Release|x64
		{A3E94504-EAB7-4A9D-B6B6-6B0DC3322986}.Release|x64.Build.0 = Release|x64
		{A3E94504-EAB7-4A9D-B6B6-6B0DC3322986}.Release|x86.ActiveCfg = Release|Win32
		{A3E94504-EAB7-4A9D-B6B6-6B0DC3322986}.Release|x86.Build.0 = Release|Win32
	EndGlobalSection
	GlobalSection(SolutionProperties) = preSolution
		HideSolutionNode = FALSE
	EndGlobalSection
	GlobalSection(ExtensibilityGlobals) = postSolution
		SolutionGuid = {47C20AD1-3A5B-454E-ABDF-2FE280E25D35}
	EndGlobalSection
EndGlobal
